
Microsoft Visual Studio Solution File, Format Version 12.00
# Visual Studio Version 17
VisualStudioVersion = 17.2.32630.192
MinimumVisualStudioVersion = 10.0.40219.1
Project("{9A19103F-16F7-4668-BE54-9A1E7A4F7556}") = "MonogDBUi", "MonogDBUi\MonogDBUi.csproj", "{175CA04F-1594-4DBC-A8F4-71F80AD2F21B}"
EndProject
Project("{9A19103F-16F7-4668-BE54-9A1E7A4F7556}") = "DataAccessLibrary", "DataAccessLibrary\DataAccessLibrary.csproj", "{B7AC3825-C7DA-4E90-85CB-279012046E1B}"
EndProject
Project("{FAE04EC0-301F-11D3-BF4B-00C04F79EFBC}") = "SampleAPI", "SampleAPI\SampleAPI.csproj", "{495DA7CA-3BE1-453B-B91D-284C46FEF862}"
EndProject
Project("{FAE04EC0-301F-11D3-BF4B-00C04F79EFBC}") = "ApiUI-WebApp", "ApiUI-WebApp\ApiUI-WebApp.csproj", "{9A39C9B7-5607-4EC1-9EF1-6CE3DB22C924}"
EndProject
Global
	GlobalSection(SolutionConfigurationPlatforms) = preSolution
		Debug|Any CPU = Debug|Any CPU
		Release|Any CPU = Release|Any CPU
	EndGlobalSection
	GlobalSection(ProjectConfigurationPlatforms) = postSolution
		{175CA04F-1594-4DBC-A8F4-71F80AD2F21B}.Debug|Any CPU.ActiveCfg = Debug|Any CPU
		{175CA04F-1594-4DBC-A8F4-71F80AD2F21B}.Debug|Any CPU.Build.0 = Debug|Any CPU
		{175CA04F-1594-4DBC-A8F4-71F80AD2F21B}.Release|Any CPU.ActiveCfg = Release|Any CPU
		{175CA04F-1594-4DBC-A8F4-71F80AD2F21B}.Release|Any CPU.Build.0 = Release|Any CPU
		{B7AC3825-C7DA-4E90-85CB-279012046E1B}.Debug|Any CPU.ActiveCfg = Debug|Any CPU
		{B7AC3825-C7DA-4E90-85CB-279012046E1B}.Debug|Any CPU.Build.0 = Debug|Any CPU
		{B7AC3825-C7DA-4E90-85CB-279012046E1B}.Release|Any CPU.ActiveCfg = Release|Any CPU
		{B7AC3825-C7DA-4E90-85CB-279012046E1B}.Release|Any CPU.Build.0 = Release|Any CPU
		{495DA7CA-3BE1-453B-B91D-284C46FEF862}.Debug|Any CPU.ActiveCfg = Debug|Any CPU
		{495DA7CA-3BE1-453B-B91D-284C46FEF862}.Debug|Any CPU.Build.0 = Debug|Any CPU
		{495DA7CA-3BE1-453B-B91D-284C46FEF862}.Release|Any CPU.ActiveCfg = Release|Any CPU
		{495DA7CA-3BE1-453B-B91D-284C46FEF862}.Release|Any CPU.Build.0 = Release|Any CPU
		{9A39C9B7-5607-4EC1-9EF1-6CE3DB22C924}.Debug|Any CPU.ActiveCfg = Debug|Any CPU
		{9A39C9B7-5607-4EC1-9EF1-6CE3DB22C924}.Debug|Any CPU.Build.0 = Debug|Any CPU
		{9A39C9B7-5607-4EC1-9EF1-6CE3DB22C924}.Release|Any CPU.ActiveCfg = Release|Any CPU
		{9A39C9B7-5607-4EC1-9EF1-6CE3DB22C924}.Release|Any CPU.Build.0 = Release|Any CPU
	EndGlobalSection
	GlobalSection(SolutionProperties) = preSolution
		HideSolutionNode = FALSE
	EndGlobalSection
	GlobalSection(ExtensibilityGlobals) = postSolution
		SolutionGuid = {627BD6C4-4BA2-4EC6-8F5B-C04ECCF77954}
	EndGlobalSection
EndGlobal
