
Microsoft Visual Studio Solution File, Format Version 12.00
# Visual Studio Version 17
VisualStudioVersion = 17.2.32630.192
MinimumVisualStudioVersion = 10.0.40219.1
Project("{FAE04EC0-301F-11D3-BF4B-00C04F79EFBC}") = "WPFMessagWall", "WPFMessagWall\WPFMessagWall.csproj", "{76A9A1B7-DA57-4C5C-907A-78F6E8958382}"
EndProject
Project("{FAE04EC0-301F-11D3-BF4B-00C04F79EFBC}") = "WPFFrameWork", "WPFFrameWork\WPFFrameWork.csproj", "{8CDF491B-666C-4100-A979-5B483DB3B77E}"
EndProject
Global
	GlobalSection(SolutionConfigurationPlatforms) = preSolution
		Debug|Any CPU = Debug|Any CPU
		Release|Any CPU = Release|Any CPU
	EndGlobalSection
	GlobalSection(ProjectConfigurationPlatforms) = postSolution
		{76A9A1B7-DA57-4C5C-907A-78F6E8958382}.Debug|Any CPU.ActiveCfg = Debug|Any CPU
		{76A9A1B7-DA57-4C5C-907A-78F6E8958382}.Debug|Any CPU.Build.0 = Debug|Any CPU
		{76A9A1B7-DA57-4C5C-907A-78F6E8958382}.Release|Any CPU.ActiveCfg = Release|Any CPU
		{76A9A1B7-DA57-4C5C-907A-78F6E8958382}.Release|Any CPU.Build.0 = Release|Any CPU
		{8CDF491B-666C-4100-A979-5B483DB3B77E}.Debug|Any CPU.ActiveCfg = Debug|Any CPU
		{8CDF491B-666C-4100-A979-5B483DB3B77E}.Debug|Any CPU.Build.0 = Debug|Any CPU
		{8CDF491B-666C-4100-A979-5B483DB3B77E}.Release|Any CPU.ActiveCfg = Release|Any CPU
		{8CDF491B-666C-4100-A979-5B483DB3B77E}.Release|Any CPU.Build.0 = Release|Any CPU
	EndGlobalSection
	GlobalSection(SolutionProperties) = preSolution
		HideSolutionNode = FALSE
	EndGlobalSection
	GlobalSection(ExtensibilityGlobals) = postSolution
		SolutionGuid = {DD75731A-23EE-437F-B81C-F715A902DBE1}
	EndGlobalSection
EndGlobal
