
Microsoft Visual Studio Solution File, Format Version 12.00
# Visual Studio Version 17
VisualStudioVersion = 17.2.32630.192
MinimumVisualStudioVersion = 10.0.40219.1
Project("{FAE04EC0-301F-11D3-BF4B-00C04F79EFBC}") = "MonogDBUi", "MonogDBUi\MonogDBUi.csproj", "{175CA04F-1594-4DBC-A8F4-71F80AD2F21B}"
EndProject
Project("{FAE04EC0-301F-11D3-BF4B-00C04F79EFBC}") = "DataAccessLibrary", "DataAccessLibrary\DataAccessLibrary.csproj", "{B7AC3825-C7DA-4E90-85CB-279012046E1B}"
EndProject
Global
	GlobalSection(SolutionConfigurationPlatforms) = preSolution
		Debug|Any CPU = Debug|Any CPU
		Release|Any CPU = Release|Any CPU
	EndGlobalSection
	GlobalSection(ProjectConfigurationPlatforms) = postSolution
		{175CA04F-1594-4DBC-A8F4-71F80AD2F21B}.Debug|Any CPU.ActiveCfg = Debug|Any CPU
		{175CA04F-1594-4DBC-A8F4-71F80AD2F21B}.Debug|Any CPU.Build.0 = Debug|Any CPU
		{175CA04F-1594-4DBC-A8F4-71F80AD2F21B}.Release|Any CPU.ActiveCfg = Release|Any CPU
		{175CA04F-1594-4DBC-A8F4-71F80AD2F21B}.Release|Any CPU.Build.0 = Release|Any CPU
		{B7AC3825-C7DA-4E90-85CB-279012046E1B}.Debug|Any CPU.ActiveCfg = Debug|Any CPU
		{B7AC3825-C7DA-4E90-85CB-279012046E1B}.Debug|Any CPU.Build.0 = Debug|Any CPU
		{B7AC3825-C7DA-4E90-85CB-279012046E1B}.Release|Any CPU.ActiveCfg = Release|Any CPU
		{B7AC3825-C7DA-4E90-85CB-279012046E1B}.Release|Any CPU.Build.0 = Release|Any CPU
	EndGlobalSection
	GlobalSection(SolutionProperties) = preSolution
		HideSolutionNode = FALSE
	EndGlobalSection
	GlobalSection(ExtensibilityGlobals) = postSolution
		SolutionGuid = {627BD6C4-4BA2-4EC6-8F5B-C04ECCF77954}
	EndGlobalSection
EndGlobal
