
Microsoft Visual Studio Solution File, Format Version 12.00
# Visual Studio Version 17
VisualStudioVersion = 17.2.32630.192
MinimumVisualStudioVersion = 10.0.40219.1
Project("{FAE04EC0-301F-11D3-BF4B-00C04F79EFBC}") = "APIMiniProject", "APIMiniProject\APIMiniProject.csproj", "{91F92E19-10D9-46A4-ACD5-4BBBAD27BC4C}"
EndProject
Global
	GlobalSection(SolutionConfigurationPlatforms) = preSolution
		Debug|Any CPU = Debug|Any CPU
		Release|Any CPU = Release|Any CPU
	EndGlobalSection
	GlobalSection(ProjectConfigurationPlatforms) = postSolution
		{91F92E19-10D9-46A4-ACD5-4BBBAD27BC4C}.Debug|Any CPU.ActiveCfg = Debug|Any CPU
		{91F92E19-10D9-46A4-ACD5-4BBBAD27BC4C}.Debug|Any CPU.Build.0 = Debug|Any CPU
		{91F92E19-10D9-46A4-ACD5-4BBBAD27BC4C}.Release|Any CPU.ActiveCfg = Release|Any CPU
		{91F92E19-10D9-46A4-ACD5-4BBBAD27BC4C}.Release|Any CPU.Build.0 = Release|Any CPU
	EndGlobalSection
	GlobalSection(SolutionProperties) = preSolution
		HideSolutionNode = FALSE
	EndGlobalSection
	GlobalSection(ExtensibilityGlobals) = postSolution
		SolutionGuid = {75573577-0411-4B2F-A3BC-0545C9B2C63C}
	EndGlobalSection
EndGlobal
