
Microsoft Visual Studio Solution File, Format Version 12.00
# Visual Studio Version 17
VisualStudioVersion = 17.2.32630.192
MinimumVisualStudioVersion = 10.0.40219.1
Project("{FAE04EC0-301F-11D3-BF4B-00C04F79EFBC}") = "SupportedWasm.Server", "SupportedWasm\Server\SupportedWasm.Server.csproj", "{B78A0FD6-DAD1-430C-8260-B6C3994A32F2}"
EndProject
Project("{FAE04EC0-301F-11D3-BF4B-00C04F79EFBC}") = "SupportedWasm.Client", "SupportedWasm\Client\SupportedWasm.Client.csproj", "{D2408B77-90C6-40C6-8DBF-64F087E10965}"
EndProject
Project("{FAE04EC0-301F-11D3-BF4B-00C04F79EFBC}") = "SupportedWasm.Shared", "SupportedWasm\Shared\SupportedWasm.Shared.csproj", "{7804D742-B8EB-46D7-984A-37DF22D3005D}"
EndProject
Global
	GlobalSection(SolutionConfigurationPlatforms) = preSolution
		Debug|Any CPU = Debug|Any CPU
		Release|Any CPU = Release|Any CPU
	EndGlobalSection
	GlobalSection(ProjectConfigurationPlatforms) = postSolution
		{B78A0FD6-DAD1-430C-8260-B6C3994A32F2}.Debug|Any CPU.ActiveCfg = Debug|Any CPU
		{B78A0FD6-DAD1-430C-8260-B6C3994A32F2}.Debug|Any CPU.Build.0 = Debug|Any CPU
		{B78A0FD6-DAD1-430C-8260-B6C3994A32F2}.Release|Any CPU.ActiveCfg = Release|Any CPU
		{B78A0FD6-DAD1-430C-8260-B6C3994A32F2}.Release|Any CPU.Build.0 = Release|Any CPU
		{D2408B77-90C6-40C6-8DBF-64F087E10965}.Debug|Any CPU.ActiveCfg = Debug|Any CPU
		{D2408B77-90C6-40C6-8DBF-64F087E10965}.Debug|Any CPU.Build.0 = Debug|Any CPU
		{D2408B77-90C6-40C6-8DBF-64F087E10965}.Release|Any CPU.ActiveCfg = Release|Any CPU
		{D2408B77-90C6-40C6-8DBF-64F087E10965}.Release|Any CPU.Build.0 = Release|Any CPU
		{7804D742-B8EB-46D7-984A-37DF22D3005D}.Debug|Any CPU.ActiveCfg = Debug|Any CPU
		{7804D742-B8EB-46D7-984A-37DF22D3005D}.Debug|Any CPU.Build.0 = Debug|Any CPU
		{7804D742-B8EB-46D7-984A-37DF22D3005D}.Release|Any CPU.ActiveCfg = Release|Any CPU
		{7804D742-B8EB-46D7-984A-37DF22D3005D}.Release|Any CPU.Build.0 = Release|Any CPU
	EndGlobalSection
	GlobalSection(SolutionProperties) = preSolution
		HideSolutionNode = FALSE
	EndGlobalSection
	GlobalSection(ExtensibilityGlobals) = postSolution
		SolutionGuid = {5B5ED61A-D7BA-4DCA-B96D-6E880462797E}
	EndGlobalSection
EndGlobal
